
Microsoft Visual Studio Solution File, Format Version 12.00
# Visual Studio Version 17
VisualStudioVersion = 17.4.33213.308
MinimumVisualStudioVersion = 10.0.40219.1
Project("{2150E333-8FDC-42A3-9474-1A3956D46DE8}") = "ctype.h", "ctype.h", "{2B6163B1-A149-4332-9927-E8B5352EFF5C}"
EndProject
Project("{2150E333-8FDC-42A3-9474-1A3956D46DE8}") = "errno.h", "errno.h", "{F317643E-1D88-47CE-9C27-E44027CEB9EE}"
EndProject
Project("{2150E333-8FDC-42A3-9474-1A3956D46DE8}") = "float.h", "float.h", "{A92E40BC-EADD-418F-8178-0E8450FD132C}"
EndProject
Project("{8BC9CEB8-8B4A-11D0-8D11-00A0C91BC942}") = "Assertions", "assert.h\Assertions\Assertions.vcxproj", "{3E7643D2-9B90-4ED6-8416-EA7DEF774E0C}"
EndProject
Project("{2150E333-8FDC-42A3-9474-1A3956D46DE8}") = "assert.h", "assert.h", "{A9E698DC-0B83-4EAF-A0E8-779D08DCE2C7}"
EndProject
Project("{8BC9CEB8-8B4A-11D0-8D11-00A0C91BC942}") = "Assertions_ex2", "assert.h\Assertions_ex2\Assertions_ex2.vcxproj", "{C5AC5FF8-7F03-4965-85B2-FF975793F50B}"
EndProject
Project("{2150E333-8FDC-42A3-9474-1A3956D46DE8}") = "C11", "C11", "{59133726-7EFA-4BE8-85DA-B87D2592E61A}"
EndProject
Project("{8BC9CEB8-8B4A-11D0-8D11-00A0C91BC942}") = "static_assert", "assert.h\C11\static_assert\static_assert.vcxproj", "{75F19781-88BA-4028-B080-6FFF55670B71}"
EndProject
Project("{8BC9CEB8-8B4A-11D0-8D11-00A0C91BC942}") = "Assertions_ex3", "assert.h\Assertions_ex3\Assertions_ex3.vcxproj", "{CC427995-E5E1-497E-9355-EB32076E9F23}"
EndProject
Project("{8BC9CEB8-8B4A-11D0-8D11-00A0C91BC942}") = "err_no_ex1", "errno.h\err_no_ex1\err_no_ex1.vcxproj", "{35070901-BB46-4C0F-8F53-4AC4AEDC7160}"
EndProject
Project("{8BC9CEB8-8B4A-11D0-8D11-00A0C91BC942}") = "isalnum_ex1", "ctype.h\isalnum_ex1\isalnum_ex1.vcxproj", "{2C9D1425-9D0F-41F9-B9D7-6A9E101A45C0}"
EndProject
Project("{8BC9CEB8-8B4A-11D0-8D11-00A0C91BC942}") = "isalpha_ex1", "ctype.h\isalpha_ex1\isalpha_ex1.vcxproj", "{1CA3F5D1-D996-46F5-8820-67245AC2BD31}"
EndProject
Global
	GlobalSection(SolutionConfigurationPlatforms) = preSolution
		Debug|x64 = Debug|x64
		Debug|x86 = Debug|x86
		Release|x64 = Release|x64
		Release|x86 = Release|x86
	EndGlobalSection
	GlobalSection(ProjectConfigurationPlatforms) = postSolution
		{3E7643D2-9B90-4ED6-8416-EA7DEF774E0C}.Debug|x64.ActiveCfg = Debug|x64
		{3E7643D2-9B90-4ED6-8416-EA7DEF774E0C}.Debug|x64.Build.0 = Debug|x64
		{3E7643D2-9B90-4ED6-8416-EA7DEF774E0C}.Debug|x86.ActiveCfg = Debug|Win32
		{3E7643D2-9B90-4ED6-8416-EA7DEF774E0C}.Debug|x86.Build.0 = Debug|Win32
		{3E7643D2-9B90-4ED6-8416-EA7DEF774E0C}.Release|x64.ActiveCfg = Release|x64
		{3E7643D2-9B90-4ED6-8416-EA7DEF774E0C}.Release|x64.Build.0 = Release|x64
		{3E7643D2-9B90-4ED6-8416-EA7DEF774E0C}.Release|x86.ActiveCfg = Release|Win32
		{3E7643D2-9B90-4ED6-8416-EA7DEF774E0C}.Release|x86.Build.0 = Release|Win32
		{C5AC5FF8-7F03-4965-85B2-FF975793F50B}.Debug|x64.ActiveCfg = Debug|x64
		{C5AC5FF8-7F03-4965-85B2-FF975793F50B}.Debug|x64.Build.0 = Debug|x64
		{C5AC5FF8-7F03-4965-85B2-FF975793F50B}.Debug|x86.ActiveCfg = Debug|Win32
		{C5AC5FF8-7F03-4965-85B2-FF975793F50B}.Debug|x86.Build.0 = Debug|Win32
		{C5AC5FF8-7F03-4965-85B2-FF975793F50B}.Release|x64.ActiveCfg = Release|x64
		{C5AC5FF8-7F03-4965-85B2-FF975793F50B}.Release|x64.Build.0 = Release|x64
		{C5AC5FF8-7F03-4965-85B2-FF975793F50B}.Release|x86.ActiveCfg = Release|Win32
		{C5AC5FF8-7F03-4965-85B2-FF975793F50B}.Release|x86.Build.0 = Release|Win32
		{75F19781-88BA-4028-B080-6FFF55670B71}.Debug|x64.ActiveCfg = Debug|x64
		{75F19781-88BA-4028-B080-6FFF55670B71}.Debug|x64.Build.0 = Debug|x64
		{75F19781-88BA-4028-B080-6FFF55670B71}.Debug|x86.ActiveCfg = Debug|Win32
		{75F19781-88BA-4028-B080-6FFF55670B71}.Debug|x86.Build.0 = Debug|Win32
		{75F19781-88BA-4028-B080-6FFF55670B71}.Release|x64.ActiveCfg = Release|x64
		{75F19781-88BA-4028-B080-6FFF55670B71}.Release|x64.Build.0 = Release|x64
		{75F19781-88BA-4028-B080-6FFF55670B71}.Release|x86.ActiveCfg = Release|Win32
		{75F19781-88BA-4028-B080-6FFF55670B71}.Release|x86.Build.0 = Release|Win32
		{CC427995-E5E1-497E-9355-EB32076E9F23}.Debug|x64.ActiveCfg = Debug|x64
		{CC427995-E5E1-497E-9355-EB32076E9F23}.Debug|x64.Build.0 = Debug|x64
		{CC427995-E5E1-497E-9355-EB32076E9F23}.Debug|x86.ActiveCfg = Debug|Win32
		{CC427995-E5E1-497E-9355-EB32076E9F23}.Debug|x86.Build.0 = Debug|Win32
		{CC427995-E5E1-497E-9355-EB32076E9F23}.Release|x64.ActiveCfg = Release|x64
		{CC427995-E5E1-497E-9355-EB32076E9F23}.Release|x64.Build.0 = Release|x64
		{CC427995-E5E1-497E-9355-EB32076E9F23}.Release|x86.ActiveCfg = Release|Win32
		{CC427995-E5E1-497E-9355-EB32076E9F23}.Release|x86.Build.0 = Release|Win32
		{35070901-BB46-4C0F-8F53-4AC4AEDC7160}.Debug|x64.ActiveCfg = Debug|x64
		{35070901-BB46-4C0F-8F53-4AC4AEDC7160}.Debug|x64.Build.0 = Debug|x64
		{35070901-BB46-4C0F-8F53-4AC4AEDC7160}.Debug|x86.ActiveCfg = Debug|Win32
		{35070901-BB46-4C0F-8F53-4AC4AEDC7160}.Debug|x86.Build.0 = Debug|Win32
		{35070901-BB46-4C0F-8F53-4AC4AEDC7160}.Release|x64.ActiveCfg = Release|x64
		{35070901-BB46-4C0F-8F53-4AC4AEDC7160}.Release|x64.Build.0 = Release|x64
		{35070901-BB46-4C0F-8F53-4AC4AEDC7160}.Release|x86.ActiveCfg = Release|Win32
		{35070901-BB46-4C0F-8F53-4AC4AEDC7160}.Release|x86.Build.0 = Release|Win32
		{2C9D1425-9D0F-41F9-B9D7-6A9E101A45C0}.Debug|x64.ActiveCfg = Debug|x64
		{2C9D1425-9D0F-41F9-B9D7-6A9E101A45C0}.Debug|x64.Build.0 = Debug|x64
		{2C9D1425-9D0F-41F9-B9D7-6A9E101A45C0}.Debug|x86.ActiveCfg = Debug|Win32
		{2C9D1425-9D0F-41F9-B9D7-6A9E101A45C0}.Debug|x86.Build.0 = Debug|Win32
		{2C9D1425-9D0F-41F9-B9D7-6A9E101A45C0}.Release|x64.ActiveCfg = Release|x64
		{2C9D1425-9D0F-41F9-B9D7-6A9E101A45C0}.Release|x64.Build.0 = Release|x64
		{2C9D1425-9D0F-41F9-B9D7-6A9E101A45C0}.Release|x86.ActiveCfg = Release|Win32
		{2C9D1425-9D0F-41F9-B9D7-6A9E101A45C0}.Release|x86.Build.0 = Release|Win32
		{1CA3F5D1-D996-46F5-8820-67245AC2BD31}.Debug|x64.ActiveCfg = Debug|x64
		{1CA3F5D1-D996-46F5-8820-67245AC2BD31}.Debug|x64.Build.0 = Debug|x64
		{1CA3F5D1-D996-46F5-8820-67245AC2BD31}.Debug|x86.ActiveCfg = Debug|Win32
		{1CA3F5D1-D996-46F5-8820-67245AC2BD31}.Debug|x86.Build.0 = Debug|Win32
		{1CA3F5D1-D996-46F5-8820-67245AC2BD31}.Release|x64.ActiveCfg = Release|x64
		{1CA3F5D1-D996-46F5-8820-67245AC2BD31}.Release|x64.Build.0 = Release|x64
		{1CA3F5D1-D996-46F5-8820-67245AC2BD31}.Release|x86.ActiveCfg = Release|Win32
		{1CA3F5D1-D996-46F5-8820-67245AC2BD31}.Release|x86.Build.0 = Release|Win32
	EndGlobalSection
	GlobalSection(SolutionProperties) = preSolution
		HideSolutionNode = FALSE
	EndGlobalSection
	GlobalSection(NestedProjects) = preSolution
		{3E7643D2-9B90-4ED6-8416-EA7DEF774E0C} = {A9E698DC-0B83-4EAF-A0E8-779D08DCE2C7}
		{C5AC5FF8-7F03-4965-85B2-FF975793F50B} = {A9E698DC-0B83-4EAF-A0E8-779D08DCE2C7}
		{59133726-7EFA-4BE8-85DA-B87D2592E61A} = {A9E698DC-0B83-4EAF-A0E8-779D08DCE2C7}
		{75F19781-88BA-4028-B080-6FFF55670B71} = {59133726-7EFA-4BE8-85DA-B87D2592E61A}
		{CC427995-E5E1-497E-9355-EB32076E9F23} = {A9E698DC-0B83-4EAF-A0E8-779D08DCE2C7}
		{35070901-BB46-4C0F-8F53-4AC4AEDC7160} = {F317643E-1D88-47CE-9C27-E44027CEB9EE}
		{2C9D1425-9D0F-41F9-B9D7-6A9E101A45C0} = {2B6163B1-A149-4332-9927-E8B5352EFF5C}
		{1CA3F5D1-D996-46F5-8820-67245AC2BD31} = {2B6163B1-A149-4332-9927-E8B5352EFF5C}
	EndGlobalSection
	GlobalSection(ExtensibilityGlobals) = postSolution
		SolutionGuid = {8A58FEFA-68EC-4659-8001-A0EDD51B3016}
	EndGlobalSection
EndGlobal
