
Microsoft Visual Studio Solution File, Format Version 12.00
# Visual Studio Version 17
VisualStudioVersion = 17.4.33213.308
MinimumVisualStudioVersion = 10.0.40219.1
Project("{2150E333-8FDC-42A3-9474-1A3956D46DE8}") = "ctype.h", "ctype.h", "{2B6163B1-A149-4332-9927-E8B5352EFF5C}"
EndProject
Project("{2150E333-8FDC-42A3-9474-1A3956D46DE8}") = "errno.h", "errno.h", "{F317643E-1D88-47CE-9C27-E44027CEB9EE}"
EndProject
Project("{2150E333-8FDC-42A3-9474-1A3956D46DE8}") = "float.h", "float.h", "{A92E40BC-EADD-418F-8178-0E8450FD132C}"
EndProject
Project("{8BC9CEB8-8B4A-11D0-8D11-00A0C91BC942}") = "Assertions", "assert.h\Assertions\Assertions.vcxproj", "{3E7643D2-9B90-4ED6-8416-EA7DEF774E0C}"
EndProject
Project("{2150E333-8FDC-42A3-9474-1A3956D46DE8}") = "assert.h", "assert.h", "{A9E698DC-0B83-4EAF-A0E8-779D08DCE2C7}"
EndProject
Project("{8BC9CEB8-8B4A-11D0-8D11-00A0C91BC942}") = "Assertions_ex2", "assert.h\Assertions_ex2\Assertions_ex2.vcxproj", "{C5AC5FF8-7F03-4965-85B2-FF975793F50B}"
EndProject
Project("{2150E333-8FDC-42A3-9474-1A3956D46DE8}") = "C11", "C11", "{59133726-7EFA-4BE8-85DA-B87D2592E61A}"
EndProject
Project("{8BC9CEB8-8B4A-11D0-8D11-00A0C91BC942}") = "static_assert", "assert.h\C11\static_assert\static_assert.vcxproj", "{75F19781-88BA-4028-B080-6FFF55670B71}"
EndProject
Project("{8BC9CEB8-8B4A-11D0-8D11-00A0C91BC942}") = "Assertions_ex3", "assert.h\Assertions_ex3\Assertions_ex3.vcxproj", "{CC427995-E5E1-497E-9355-EB32076E9F23}"
EndProject
Project("{8BC9CEB8-8B4A-11D0-8D11-00A0C91BC942}") = "err_no_ex1", "errno.h\err_no_ex1\err_no_ex1.vcxproj", "{35070901-BB46-4C0F-8F53-4AC4AEDC7160}"
EndProject
Project("{8BC9CEB8-8B4A-11D0-8D11-00A0C91BC942}") = "isalnum_ex1", "ctype.h\isalnum_ex1\isalnum_ex1.vcxproj", "{2C9D1425-9D0F-41F9-B9D7-6A9E101A45C0}"
EndProject
Project("{8BC9CEB8-8B4A-11D0-8D11-00A0C91BC942}") = "isalpha_ex1", "ctype.h\isalpha_ex1\isalpha_ex1.vcxproj", "{1CA3F5D1-D996-46F5-8820-67245AC2BD31}"
EndProject
Project("{8BC9CEB8-8B4A-11D0-8D11-00A0C91BC942}") = "isalnum_ex2", "ctype.h\isalnum_ex2\isalnum_ex2.vcxproj", "{68BFF270-E191-4CB8-90D9-338B9FB564F3}"
EndProject
Project("{8BC9CEB8-8B4A-11D0-8D11-00A0C91BC942}") = "isalpha_ex2", "ctype.h\isalpha_ex2\isalpha_ex2.vcxproj", "{5EE5DEF6-EC36-4A3C-9F1B-37716261C96C}"
EndProject
Project("{8BC9CEB8-8B4A-11D0-8D11-00A0C91BC942}") = "islower_ex1", "ctype.h\islower_ex1\islower_ex1.vcxproj", "{83A150D0-BBBC-4108-A2F1-1F53DD5847CA}"
EndProject
Project("{8BC9CEB8-8B4A-11D0-8D11-00A0C91BC942}") = "islower_ex2", "ctype.h\islower_ex2\islower_ex2.vcxproj", "{C9DCE5C5-EA2F-457A-B759-E34F3744A87B}"
EndProject
Project("{8BC9CEB8-8B4A-11D0-8D11-00A0C91BC942}") = "isupper_ex1", "ctype.h\isupper_ex1\isupper_ex1.vcxproj", "{A4804B36-2D8D-4165-9F9A-6FC7830D7185}"
EndProject
Project("{8BC9CEB8-8B4A-11D0-8D11-00A0C91BC942}") = "isupper_ex2", "ctype.h\isupper_ex2\isupper_ex2.vcxproj", "{BD4F35D9-5EB1-4EA1-8BA7-3A7552378053}"
EndProject
Project("{8BC9CEB8-8B4A-11D0-8D11-00A0C91BC942}") = "isdigit_ex1", "ctype.h\isdigit_ex1\isdigit_ex1.vcxproj", "{1C0B1EC9-E518-48E6-A4D8-D47681C961A9}"
EndProject
Project("{8BC9CEB8-8B4A-11D0-8D11-00A0C91BC942}") = "isxdigit_ex1", "ctype.h\isxdigit_ex1\isxdigit_ex1.vcxproj", "{CAC4A046-1B52-4410-94BF-979A4393DE40}"
EndProject
Project("{8BC9CEB8-8B4A-11D0-8D11-00A0C91BC942}") = "isdigit_ex2", "ctype.h\isdigit_ex2\isdigit_ex2.vcxproj", "{B44D8FB9-32E0-42B8-BB0C-FCF360F74011}"
EndProject
Project("{8BC9CEB8-8B4A-11D0-8D11-00A0C91BC942}") = "isxdigit_ex2", "ctype.h\isxdigit_ex2\isxdigit_ex2.vcxproj", "{78DD5A94-904E-4741-847E-3AB12EEE1CAD}"
EndProject
Project("{8BC9CEB8-8B4A-11D0-8D11-00A0C91BC942}") = "iscntrl_ex1", "ctype.h\iscntrl_ex1\iscntrl_ex1.vcxproj", "{CA0F992B-0D3C-46ED-97A3-2EBFE527E62C}"
EndProject
Project("{8BC9CEB8-8B4A-11D0-8D11-00A0C91BC942}") = "isgraph_ex1", "ctype.h\isgraph_ex1\isgraph_ex1.vcxproj", "{8ABD98CF-4505-4951-8021-BB821CF7CAD6}"
EndProject
Project("{8BC9CEB8-8B4A-11D0-8D11-00A0C91BC942}") = "iscntrl_ex2", "ctype.h\iscntrl_ex2\iscntrl_ex2.vcxproj", "{288FD8F4-F207-46CE-B685-17C4159DE1C3}"
EndProject
Project("{8BC9CEB8-8B4A-11D0-8D11-00A0C91BC942}") = "isgraph_ex2", "isgraph_ex2\isgraph_ex2.vcxproj", "{DA6F6573-DC94-4633-8FC9-54267329CB88}"
EndProject
Global
	GlobalSection(SolutionConfigurationPlatforms) = preSolution
		Debug|x64 = Debug|x64
		Debug|x86 = Debug|x86
		Release|x64 = Release|x64
		Release|x86 = Release|x86
	EndGlobalSection
	GlobalSection(ProjectConfigurationPlatforms) = postSolution
		{3E7643D2-9B90-4ED6-8416-EA7DEF774E0C}.Debug|x64.ActiveCfg = Debug|x64
		{3E7643D2-9B90-4ED6-8416-EA7DEF774E0C}.Debug|x64.Build.0 = Debug|x64
		{3E7643D2-9B90-4ED6-8416-EA7DEF774E0C}.Debug|x86.ActiveCfg = Debug|Win32
		{3E7643D2-9B90-4ED6-8416-EA7DEF774E0C}.Debug|x86.Build.0 = Debug|Win32
		{3E7643D2-9B90-4ED6-8416-EA7DEF774E0C}.Release|x64.ActiveCfg = Release|x64
		{3E7643D2-9B90-4ED6-8416-EA7DEF774E0C}.Release|x64.Build.0 = Release|x64
		{3E7643D2-9B90-4ED6-8416-EA7DEF774E0C}.Release|x86.ActiveCfg = Release|Win32
		{3E7643D2-9B90-4ED6-8416-EA7DEF774E0C}.Release|x86.Build.0 = Release|Win32
		{C5AC5FF8-7F03-4965-85B2-FF975793F50B}.Debug|x64.ActiveCfg = Debug|x64
		{C5AC5FF8-7F03-4965-85B2-FF975793F50B}.Debug|x64.Build.0 = Debug|x64
		{C5AC5FF8-7F03-4965-85B2-FF975793F50B}.Debug|x86.ActiveCfg = Debug|Win32
		{C5AC5FF8-7F03-4965-85B2-FF975793F50B}.Debug|x86.Build.0 = Debug|Win32
		{C5AC5FF8-7F03-4965-85B2-FF975793F50B}.Release|x64.ActiveCfg = Release|x64
		{C5AC5FF8-7F03-4965-85B2-FF975793F50B}.Release|x64.Build.0 = Release|x64
		{C5AC5FF8-7F03-4965-85B2-FF975793F50B}.Release|x86.ActiveCfg = Release|Win32
		{C5AC5FF8-7F03-4965-85B2-FF975793F50B}.Release|x86.Build.0 = Release|Win32
		{75F19781-88BA-4028-B080-6FFF55670B71}.Debug|x64.ActiveCfg = Debug|x64
		{75F19781-88BA-4028-B080-6FFF55670B71}.Debug|x64.Build.0 = Debug|x64
		{75F19781-88BA-4028-B080-6FFF55670B71}.Debug|x86.ActiveCfg = Debug|Win32
		{75F19781-88BA-4028-B080-6FFF55670B71}.Debug|x86.Build.0 = Debug|Win32
		{75F19781-88BA-4028-B080-6FFF55670B71}.Release|x64.ActiveCfg = Release|x64
		{75F19781-88BA-4028-B080-6FFF55670B71}.Release|x64.Build.0 = Release|x64
		{75F19781-88BA-4028-B080-6FFF55670B71}.Release|x86.ActiveCfg = Release|Win32
		{75F19781-88BA-4028-B080-6FFF55670B71}.Release|x86.Build.0 = Release|Win32
		{CC427995-E5E1-497E-9355-EB32076E9F23}.Debug|x64.ActiveCfg = Debug|x64
		{CC427995-E5E1-497E-9355-EB32076E9F23}.Debug|x64.Build.0 = Debug|x64
		{CC427995-E5E1-497E-9355-EB32076E9F23}.Debug|x86.ActiveCfg = Debug|Win32
		{CC427995-E5E1-497E-9355-EB32076E9F23}.Debug|x86.Build.0 = Debug|Win32
		{CC427995-E5E1-497E-9355-EB32076E9F23}.Release|x64.ActiveCfg = Release|x64
		{CC427995-E5E1-497E-9355-EB32076E9F23}.Release|x64.Build.0 = Release|x64
		{CC427995-E5E1-497E-9355-EB32076E9F23}.Release|x86.ActiveCfg = Release|Win32
		{CC427995-E5E1-497E-9355-EB32076E9F23}.Release|x86.Build.0 = Release|Win32
		{35070901-BB46-4C0F-8F53-4AC4AEDC7160}.Debug|x64.ActiveCfg = Debug|x64
		{35070901-BB46-4C0F-8F53-4AC4AEDC7160}.Debug|x64.Build.0 = Debug|x64
		{35070901-BB46-4C0F-8F53-4AC4AEDC7160}.Debug|x86.ActiveCfg = Debug|Win32
		{35070901-BB46-4C0F-8F53-4AC4AEDC7160}.Debug|x86.Build.0 = Debug|Win32
		{35070901-BB46-4C0F-8F53-4AC4AEDC7160}.Release|x64.ActiveCfg = Release|x64
		{35070901-BB46-4C0F-8F53-4AC4AEDC7160}.Release|x64.Build.0 = Release|x64
		{35070901-BB46-4C0F-8F53-4AC4AEDC7160}.Release|x86.ActiveCfg = Release|Win32
		{35070901-BB46-4C0F-8F53-4AC4AEDC7160}.Release|x86.Build.0 = Release|Win32
		{2C9D1425-9D0F-41F9-B9D7-6A9E101A45C0}.Debug|x64.ActiveCfg = Debug|x64
		{2C9D1425-9D0F-41F9-B9D7-6A9E101A45C0}.Debug|x64.Build.0 = Debug|x64
		{2C9D1425-9D0F-41F9-B9D7-6A9E101A45C0}.Debug|x86.ActiveCfg = Debug|Win32
		{2C9D1425-9D0F-41F9-B9D7-6A9E101A45C0}.Debug|x86.Build.0 = Debug|Win32
		{2C9D1425-9D0F-41F9-B9D7-6A9E101A45C0}.Release|x64.ActiveCfg = Release|x64
		{2C9D1425-9D0F-41F9-B9D7-6A9E101A45C0}.Release|x64.Build.0 = Release|x64
		{2C9D1425-9D0F-41F9-B9D7-6A9E101A45C0}.Release|x86.ActiveCfg = Release|Win32
		{2C9D1425-9D0F-41F9-B9D7-6A9E101A45C0}.Release|x86.Build.0 = Release|Win32
		{1CA3F5D1-D996-46F5-8820-67245AC2BD31}.Debug|x64.ActiveCfg = Debug|x64
		{1CA3F5D1-D996-46F5-8820-67245AC2BD31}.Debug|x64.Build.0 = Debug|x64
		{1CA3F5D1-D996-46F5-8820-67245AC2BD31}.Debug|x86.ActiveCfg = Debug|Win32
		{1CA3F5D1-D996-46F5-8820-67245AC2BD31}.Debug|x86.Build.0 = Debug|Win32
		{1CA3F5D1-D996-46F5-8820-67245AC2BD31}.Release|x64.ActiveCfg = Release|x64
		{1CA3F5D1-D996-46F5-8820-67245AC2BD31}.Release|x64.Build.0 = Release|x64
		{1CA3F5D1-D996-46F5-8820-67245AC2BD31}.Release|x86.ActiveCfg = Release|Win32
		{1CA3F5D1-D996-46F5-8820-67245AC2BD31}.Release|x86.Build.0 = Release|Win32
		{68BFF270-E191-4CB8-90D9-338B9FB564F3}.Debug|x64.ActiveCfg = Debug|x64
		{68BFF270-E191-4CB8-90D9-338B9FB564F3}.Debug|x64.Build.0 = Debug|x64
		{68BFF270-E191-4CB8-90D9-338B9FB564F3}.Debug|x86.ActiveCfg = Debug|Win32
		{68BFF270-E191-4CB8-90D9-338B9FB564F3}.Debug|x86.Build.0 = Debug|Win32
		{68BFF270-E191-4CB8-90D9-338B9FB564F3}.Release|x64.ActiveCfg = Release|x64
		{68BFF270-E191-4CB8-90D9-338B9FB564F3}.Release|x64.Build.0 = Release|x64
		{68BFF270-E191-4CB8-90D9-338B9FB564F3}.Release|x86.ActiveCfg = Release|Win32
		{68BFF270-E191-4CB8-90D9-338B9FB564F3}.Release|x86.Build.0 = Release|Win32
		{5EE5DEF6-EC36-4A3C-9F1B-37716261C96C}.Debug|x64.ActiveCfg = Debug|x64
		{5EE5DEF6-EC36-4A3C-9F1B-37716261C96C}.Debug|x64.Build.0 = Debug|x64
		{5EE5DEF6-EC36-4A3C-9F1B-37716261C96C}.Debug|x86.ActiveCfg = Debug|Win32
		{5EE5DEF6-EC36-4A3C-9F1B-37716261C96C}.Debug|x86.Build.0 = Debug|Win32
		{5EE5DEF6-EC36-4A3C-9F1B-37716261C96C}.Release|x64.ActiveCfg = Release|x64
		{5EE5DEF6-EC36-4A3C-9F1B-37716261C96C}.Release|x64.Build.0 = Release|x64
		{5EE5DEF6-EC36-4A3C-9F1B-37716261C96C}.Release|x86.ActiveCfg = Release|Win32
		{5EE5DEF6-EC36-4A3C-9F1B-37716261C96C}.Release|x86.Build.0 = Release|Win32
		{83A150D0-BBBC-4108-A2F1-1F53DD5847CA}.Debug|x64.ActiveCfg = Debug|x64
		{83A150D0-BBBC-4108-A2F1-1F53DD5847CA}.Debug|x64.Build.0 = Debug|x64
		{83A150D0-BBBC-4108-A2F1-1F53DD5847CA}.Debug|x86.ActiveCfg = Debug|Win32
		{83A150D0-BBBC-4108-A2F1-1F53DD5847CA}.Debug|x86.Build.0 = Debug|Win32
		{83A150D0-BBBC-4108-A2F1-1F53DD5847CA}.Release|x64.ActiveCfg = Release|x64
		{83A150D0-BBBC-4108-A2F1-1F53DD5847CA}.Release|x64.Build.0 = Release|x64
		{83A150D0-BBBC-4108-A2F1-1F53DD5847CA}.Release|x86.ActiveCfg = Release|Win32
		{83A150D0-BBBC-4108-A2F1-1F53DD5847CA}.Release|x86.Build.0 = Release|Win32
		{C9DCE5C5-EA2F-457A-B759-E34F3744A87B}.Debug|x64.ActiveCfg = Debug|x64
		{C9DCE5C5-EA2F-457A-B759-E34F3744A87B}.Debug|x64.Build.0 = Debug|x64
		{C9DCE5C5-EA2F-457A-B759-E34F3744A87B}.Debug|x86.ActiveCfg = Debug|Win32
		{C9DCE5C5-EA2F-457A-B759-E34F3744A87B}.Debug|x86.Build.0 = Debug|Win32
		{C9DCE5C5-EA2F-457A-B759-E34F3744A87B}.Release|x64.ActiveCfg = Release|x64
		{C9DCE5C5-EA2F-457A-B759-E34F3744A87B}.Release|x64.Build.0 = Release|x64
		{C9DCE5C5-EA2F-457A-B759-E34F3744A87B}.Release|x86.ActiveCfg = Release|Win32
		{C9DCE5C5-EA2F-457A-B759-E34F3744A87B}.Release|x86.Build.0 = Release|Win32
		{A4804B36-2D8D-4165-9F9A-6FC7830D7185}.Debug|x64.ActiveCfg = Debug|x64
		{A4804B36-2D8D-4165-9F9A-6FC7830D7185}.Debug|x64.Build.0 = Debug|x64
		{A4804B36-2D8D-4165-9F9A-6FC7830D7185}.Debug|x86.ActiveCfg = Debug|Win32
		{A4804B36-2D8D-4165-9F9A-6FC7830D7185}.Debug|x86.Build.0 = Debug|Win32
		{A4804B36-2D8D-4165-9F9A-6FC7830D7185}.Release|x64.ActiveCfg = Release|x64
		{A4804B36-2D8D-4165-9F9A-6FC7830D7185}.Release|x64.Build.0 = Release|x64
		{A4804B36-2D8D-4165-9F9A-6FC7830D7185}.Release|x86.ActiveCfg = Release|Win32
		{A4804B36-2D8D-4165-9F9A-6FC7830D7185}.Release|x86.Build.0 = Release|Win32
		{BD4F35D9-5EB1-4EA1-8BA7-3A7552378053}.Debug|x64.ActiveCfg = Debug|x64
		{BD4F35D9-5EB1-4EA1-8BA7-3A7552378053}.Debug|x64.Build.0 = Debug|x64
		{BD4F35D9-5EB1-4EA1-8BA7-3A7552378053}.Debug|x86.ActiveCfg = Debug|Win32
		{BD4F35D9-5EB1-4EA1-8BA7-3A7552378053}.Debug|x86.Build.0 = Debug|Win32
		{BD4F35D9-5EB1-4EA1-8BA7-3A7552378053}.Release|x64.ActiveCfg = Release|x64
		{BD4F35D9-5EB1-4EA1-8BA7-3A7552378053}.Release|x64.Build.0 = Release|x64
		{BD4F35D9-5EB1-4EA1-8BA7-3A7552378053}.Release|x86.ActiveCfg = Release|Win32
		{BD4F35D9-5EB1-4EA1-8BA7-3A7552378053}.Release|x86.Build.0 = Release|Win32
		{1C0B1EC9-E518-48E6-A4D8-D47681C961A9}.Debug|x64.ActiveCfg = Debug|x64
		{1C0B1EC9-E518-48E6-A4D8-D47681C961A9}.Debug|x64.Build.0 = Debug|x64
		{1C0B1EC9-E518-48E6-A4D8-D47681C961A9}.Debug|x86.ActiveCfg = Debug|Win32
		{1C0B1EC9-E518-48E6-A4D8-D47681C961A9}.Debug|x86.Build.0 = Debug|Win32
		{1C0B1EC9-E518-48E6-A4D8-D47681C961A9}.Release|x64.ActiveCfg = Release|x64
		{1C0B1EC9-E518-48E6-A4D8-D47681C961A9}.Release|x64.Build.0 = Release|x64
		{1C0B1EC9-E518-48E6-A4D8-D47681C961A9}.Release|x86.ActiveCfg = Release|Win32
		{1C0B1EC9-E518-48E6-A4D8-D47681C961A9}.Release|x86.Build.0 = Release|Win32
		{CAC4A046-1B52-4410-94BF-979A4393DE40}.Debug|x64.ActiveCfg = Debug|x64
		{CAC4A046-1B52-4410-94BF-979A4393DE40}.Debug|x64.Build.0 = Debug|x64
		{CAC4A046-1B52-4410-94BF-979A4393DE40}.Debug|x86.ActiveCfg = Debug|Win32
		{CAC4A046-1B52-4410-94BF-979A4393DE40}.Debug|x86.Build.0 = Debug|Win32
		{CAC4A046-1B52-4410-94BF-979A4393DE40}.Release|x64.ActiveCfg = Release|x64
		{CAC4A046-1B52-4410-94BF-979A4393DE40}.Release|x64.Build.0 = Release|x64
		{CAC4A046-1B52-4410-94BF-979A4393DE40}.Release|x86.ActiveCfg = Release|Win32
		{CAC4A046-1B52-4410-94BF-979A4393DE40}.Release|x86.Build.0 = Release|Win32
		{B44D8FB9-32E0-42B8-BB0C-FCF360F74011}.Debug|x64.ActiveCfg = Debug|x64
		{B44D8FB9-32E0-42B8-BB0C-FCF360F74011}.Debug|x64.Build.0 = Debug|x64
		{B44D8FB9-32E0-42B8-BB0C-FCF360F74011}.Debug|x86.ActiveCfg = Debug|Win32
		{B44D8FB9-32E0-42B8-BB0C-FCF360F74011}.Debug|x86.Build.0 = Debug|Win32
		{B44D8FB9-32E0-42B8-BB0C-FCF360F74011}.Release|x64.ActiveCfg = Release|x64
		{B44D8FB9-32E0-42B8-BB0C-FCF360F74011}.Release|x64.Build.0 = Release|x64
		{B44D8FB9-32E0-42B8-BB0C-FCF360F74011}.Release|x86.ActiveCfg = Release|Win32
		{B44D8FB9-32E0-42B8-BB0C-FCF360F74011}.Release|x86.Build.0 = Release|Win32
		{78DD5A94-904E-4741-847E-3AB12EEE1CAD}.Debug|x64.ActiveCfg = Debug|x64
		{78DD5A94-904E-4741-847E-3AB12EEE1CAD}.Debug|x64.Build.0 = Debug|x64
		{78DD5A94-904E-4741-847E-3AB12EEE1CAD}.Debug|x86.ActiveCfg = Debug|Win32
		{78DD5A94-904E-4741-847E-3AB12EEE1CAD}.Debug|x86.Build.0 = Debug|Win32
		{78DD5A94-904E-4741-847E-3AB12EEE1CAD}.Release|x64.ActiveCfg = Release|x64
		{78DD5A94-904E-4741-847E-3AB12EEE1CAD}.Release|x64.Build.0 = Release|x64
		{78DD5A94-904E-4741-847E-3AB12EEE1CAD}.Release|x86.ActiveCfg = Release|Win32
		{78DD5A94-904E-4741-847E-3AB12EEE1CAD}.Release|x86.Build.0 = Release|Win32
		{CA0F992B-0D3C-46ED-97A3-2EBFE527E62C}.Debug|x64.ActiveCfg = Debug|x64
		{CA0F992B-0D3C-46ED-97A3-2EBFE527E62C}.Debug|x64.Build.0 = Debug|x64
		{CA0F992B-0D3C-46ED-97A3-2EBFE527E62C}.Debug|x86.ActiveCfg = Debug|Win32
		{CA0F992B-0D3C-46ED-97A3-2EBFE527E62C}.Debug|x86.Build.0 = Debug|Win32
		{CA0F992B-0D3C-46ED-97A3-2EBFE527E62C}.Release|x64.ActiveCfg = Release|x64
		{CA0F992B-0D3C-46ED-97A3-2EBFE527E62C}.Release|x64.Build.0 = Release|x64
		{CA0F992B-0D3C-46ED-97A3-2EBFE527E62C}.Release|x86.ActiveCfg = Release|Win32
		{CA0F992B-0D3C-46ED-97A3-2EBFE527E62C}.Release|x86.Build.0 = Release|Win32
		{8ABD98CF-4505-4951-8021-BB821CF7CAD6}.Debug|x64.ActiveCfg = Debug|x64
		{8ABD98CF-4505-4951-8021-BB821CF7CAD6}.Debug|x64.Build.0 = Debug|x64
		{8ABD98CF-4505-4951-8021-BB821CF7CAD6}.Debug|x86.ActiveCfg = Debug|Win32
		{8ABD98CF-4505-4951-8021-BB821CF7CAD6}.Debug|x86.Build.0 = Debug|Win32
		{8ABD98CF-4505-4951-8021-BB821CF7CAD6}.Release|x64.ActiveCfg = Release|x64
		{8ABD98CF-4505-4951-8021-BB821CF7CAD6}.Release|x64.Build.0 = Release|x64
		{8ABD98CF-4505-4951-8021-BB821CF7CAD6}.Release|x86.ActiveCfg = Release|Win32
		{8ABD98CF-4505-4951-8021-BB821CF7CAD6}.Release|x86.Build.0 = Release|Win32
		{288FD8F4-F207-46CE-B685-17C4159DE1C3}.Debug|x64.ActiveCfg = Debug|x64
		{288FD8F4-F207-46CE-B685-17C4159DE1C3}.Debug|x64.Build.0 = Debug|x64
		{288FD8F4-F207-46CE-B685-17C4159DE1C3}.Debug|x86.ActiveCfg = Debug|Win32
		{288FD8F4-F207-46CE-B685-17C4159DE1C3}.Debug|x86.Build.0 = Debug|Win32
		{288FD8F4-F207-46CE-B685-17C4159DE1C3}.Release|x64.ActiveCfg = Release|x64
		{288FD8F4-F207-46CE-B685-17C4159DE1C3}.Release|x64.Build.0 = Release|x64
		{288FD8F4-F207-46CE-B685-17C4159DE1C3}.Release|x86.ActiveCfg = Release|Win32
		{288FD8F4-F207-46CE-B685-17C4159DE1C3}.Release|x86.Build.0 = Release|Win32
		{DA6F6573-DC94-4633-8FC9-54267329CB88}.Debug|x64.ActiveCfg = Debug|x64
		{DA6F6573-DC94-4633-8FC9-54267329CB88}.Debug|x64.Build.0 = Debug|x64
		{DA6F6573-DC94-4633-8FC9-54267329CB88}.Debug|x86.ActiveCfg = Debug|Win32
		{DA6F6573-DC94-4633-8FC9-54267329CB88}.Debug|x86.Build.0 = Debug|Win32
		{DA6F6573-DC94-4633-8FC9-54267329CB88}.Release|x64.ActiveCfg = Release|x64
		{DA6F6573-DC94-4633-8FC9-54267329CB88}.Release|x64.Build.0 = Release|x64
		{DA6F6573-DC94-4633-8FC9-54267329CB88}.Release|x86.ActiveCfg = Release|Win32
		{DA6F6573-DC94-4633-8FC9-54267329CB88}.Release|x86.Build.0 = Release|Win32
	EndGlobalSection
	GlobalSection(SolutionProperties) = preSolution
		HideSolutionNode = FALSE
	EndGlobalSection
	GlobalSection(NestedProjects) = preSolution
		{3E7643D2-9B90-4ED6-8416-EA7DEF774E0C} = {A9E698DC-0B83-4EAF-A0E8-779D08DCE2C7}
		{C5AC5FF8-7F03-4965-85B2-FF975793F50B} = {A9E698DC-0B83-4EAF-A0E8-779D08DCE2C7}
		{59133726-7EFA-4BE8-85DA-B87D2592E61A} = {A9E698DC-0B83-4EAF-A0E8-779D08DCE2C7}
		{75F19781-88BA-4028-B080-6FFF55670B71} = {59133726-7EFA-4BE8-85DA-B87D2592E61A}
		{CC427995-E5E1-497E-9355-EB32076E9F23} = {A9E698DC-0B83-4EAF-A0E8-779D08DCE2C7}
		{35070901-BB46-4C0F-8F53-4AC4AEDC7160} = {F317643E-1D88-47CE-9C27-E44027CEB9EE}
		{2C9D1425-9D0F-41F9-B9D7-6A9E101A45C0} = {2B6163B1-A149-4332-9927-E8B5352EFF5C}
		{1CA3F5D1-D996-46F5-8820-67245AC2BD31} = {2B6163B1-A149-4332-9927-E8B5352EFF5C}
		{68BFF270-E191-4CB8-90D9-338B9FB564F3} = {2B6163B1-A149-4332-9927-E8B5352EFF5C}
		{5EE5DEF6-EC36-4A3C-9F1B-37716261C96C} = {2B6163B1-A149-4332-9927-E8B5352EFF5C}
		{83A150D0-BBBC-4108-A2F1-1F53DD5847CA} = {2B6163B1-A149-4332-9927-E8B5352EFF5C}
		{C9DCE5C5-EA2F-457A-B759-E34F3744A87B} = {2B6163B1-A149-4332-9927-E8B5352EFF5C}
		{A4804B36-2D8D-4165-9F9A-6FC7830D7185} = {2B6163B1-A149-4332-9927-E8B5352EFF5C}
		{BD4F35D9-5EB1-4EA1-8BA7-3A7552378053} = {2B6163B1-A149-4332-9927-E8B5352EFF5C}
		{1C0B1EC9-E518-48E6-A4D8-D47681C961A9} = {2B6163B1-A149-4332-9927-E8B5352EFF5C}
		{CAC4A046-1B52-4410-94BF-979A4393DE40} = {2B6163B1-A149-4332-9927-E8B5352EFF5C}
		{B44D8FB9-32E0-42B8-BB0C-FCF360F74011} = {2B6163B1-A149-4332-9927-E8B5352EFF5C}
		{78DD5A94-904E-4741-847E-3AB12EEE1CAD} = {2B6163B1-A149-4332-9927-E8B5352EFF5C}
		{CA0F992B-0D3C-46ED-97A3-2EBFE527E62C} = {2B6163B1-A149-4332-9927-E8B5352EFF5C}
		{8ABD98CF-4505-4951-8021-BB821CF7CAD6} = {2B6163B1-A149-4332-9927-E8B5352EFF5C}
		{288FD8F4-F207-46CE-B685-17C4159DE1C3} = {2B6163B1-A149-4332-9927-E8B5352EFF5C}
		{DA6F6573-DC94-4633-8FC9-54267329CB88} = {2B6163B1-A149-4332-9927-E8B5352EFF5C}
	EndGlobalSection
	GlobalSection(ExtensibilityGlobals) = postSolution
		SolutionGuid = {8A58FEFA-68EC-4659-8001-A0EDD51B3016}
	EndGlobalSection
EndGlobal
